// !$*UTF8*$!
{
	archiveVersion = 1;
	classes = {
	};
	objectVersion = 56;
	objects = {

/* Begin PBXBuildFile section */
		ABE5D2952A7D872A00F96C16 /* AppDelegate.swift in Sources */ = {isa = PBXBuildFile; fileRef = ABE5D2942A7D872A00F96C16 /* AppDelegate.swift */; };
		ABE5D2972A7D872A00F96C16 /* SceneDelegate.swift in Sources */ = {isa = PBXBuildFile; fileRef = ABE5D2962A7D872A00F96C16 /* SceneDelegate.swift */; };
		ABE5D29C2A7D872A00F96C16 /* Main.storyboard in Resources */ = {isa = PBXBuildFile; fileRef = ABE5D29A2A7D872A00F96C16 /* Main.storyboard */; };
		ABE5D29E2A7D872B00F96C16 /* Assets.xcassets in Resources */ = {isa = PBXBuildFile; fileRef = ABE5D29D2A7D872B00F96C16 /* Assets.xcassets */; };
		ABE5D2A12A7D872B00F96C16 /* LaunchScreen.storyboard in Resources */ = {isa = PBXBuildFile; fileRef = ABE5D29F2A7D872B00F96C16 /* LaunchScreen.storyboard */; };
		ABE5D2AF2A7D910D00F96C16 /* APIHandler.swift in Sources */ = {isa = PBXBuildFile; fileRef = ABE5D2AE2A7D910D00F96C16 /* APIHandler.swift */; };
		ABE5D2B12A7D914F00F96C16 /* AgentsParser.swift in Sources */ = {isa = PBXBuildFile; fileRef = ABE5D2B02A7D914F00F96C16 /* AgentsParser.swift */; };
		ABE5D2B32A7D916900F96C16 /* BundlesParser.swift in Sources */ = {isa = PBXBuildFile; fileRef = ABE5D2B22A7D916900F96C16 /* BundlesParser.swift */; };
		ABE5D2B62A7D918900F96C16 /* MapsParser.swift in Sources */ = {isa = PBXBuildFile; fileRef = ABE5D2B52A7D918900F96C16 /* MapsParser.swift */; };
		ABE5D2B82A7D974900F96C16 /* WeaponsParser.swift in Sources */ = {isa = PBXBuildFile; fileRef = ABE5D2B72A7D974800F96C16 /* WeaponsParser.swift */; };
		ABE5D2BA2A7D976600F96C16 /* SeasonsParser.swift in Sources */ = {isa = PBXBuildFile; fileRef = ABE5D2B92A7D976600F96C16 /* SeasonsParser.swift */; };
		ABE5D2BD2A7D977700F96C16 /* OptionallyDecodable in Frameworks */ = {isa = PBXBuildFile; productRef = ABE5D2BC2A7D977700F96C16 /* OptionallyDecodable */; };
		ABE5D2C12A7D97D700F96C16 /* HomeViewController.swift in Sources */ = {isa = PBXBuildFile; fileRef = ABE5D2C02A7D97D700F96C16 /* HomeViewController.swift */; };
		ABE5D2CE2A7E4C3700F96C16 /* Constants.swift in Sources */ = {isa = PBXBuildFile; fileRef = ABE5D2CD2A7E4C3700F96C16 /* Constants.swift */; };
		ABE5D2D12A7E4D1700F96C16 /* AgentsCollectionViewCell.swift in Sources */ = {isa = PBXBuildFile; fileRef = ABE5D2CF2A7E4D1700F96C16 /* AgentsCollectionViewCell.swift */; };
		ABE5D2D22A7E4D1700F96C16 /* AgentsCollectionViewCell.xib in Resources */ = {isa = PBXBuildFile; fileRef = ABE5D2D02A7E4D1700F96C16 /* AgentsCollectionViewCell.xib */; };
		ABE5D2D52A7E50D000F96C16 /* SDWebImageSwiftUI in Frameworks */ = {isa = PBXBuildFile; productRef = ABE5D2D42A7E50D000F96C16 /* SDWebImageSwiftUI */; };
		ABE5D2D92A7E7DCA00F96C16 /* MapsTableViewCell.swift in Sources */ = {isa = PBXBuildFile; fileRef = ABE5D2D72A7E7DCA00F96C16 /* MapsTableViewCell.swift */; };
		ABE5D2DA2A7E7DCA00F96C16 /* MapsTableViewCell.xib in Resources */ = {isa = PBXBuildFile; fileRef = ABE5D2D82A7E7DCA00F96C16 /* MapsTableViewCell.xib */; };
		ABE5D2E52A7E9E1000F96C16 /* AgentDescriptionViewController.swift in Sources */ = {isa = PBXBuildFile; fileRef = ABE5D2E42A7E9E1000F96C16 /* AgentDescriptionViewController.swift */; };
		ABE5D2E72A7E9EA900F96C16 /* Extenstions.swift in Sources */ = {isa = PBXBuildFile; fileRef = ABE5D2E62A7E9EA900F96C16 /* Extenstions.swift */; };
		ABE5D2EA2A7ED0AB00F96C16 /* SwipeCellKit in Frameworks */ = {isa = PBXBuildFile; productRef = ABE5D2E92A7ED0AB00F96C16 /* SwipeCellKit */; };
/* End PBXBuildFile section */

/* Begin PBXFileReference section */
		ABE5D2912A7D872A00F96C16 /* Valorant-Guide-UIKit.app */ = {isa = PBXFileReference; explicitFileType = wrapper.application; includeInIndex = 0; path = "Valorant-Guide-UIKit.app"; sourceTree = BUILT_PRODUCTS_DIR; };
		ABE5D2942A7D872A00F96C16 /* AppDelegate.swift */ = {isa = PBXFileReference; lastKnownFileType = sourcecode.swift; path = AppDelegate.swift; sourceTree = "<group>"; };
		ABE5D2962A7D872A00F96C16 /* SceneDelegate.swift */ = {isa = PBXFileReference; lastKnownFileType = sourcecode.swift; path = SceneDelegate.swift; sourceTree = "<group>"; };
		ABE5D29B2A7D872A00F96C16 /* Base */ = {isa = PBXFileReference; lastKnownFileType = file.storyboard; name = Base; path = Base.lproj/Main.storyboard; sourceTree = "<group>"; };
		ABE5D29D2A7D872B00F96C16 /* Assets.xcassets */ = {isa = PBXFileReference; lastKnownFileType = folder.assetcatalog; path = Assets.xcassets; sourceTree = "<group>"; };
		ABE5D2A02A7D872B00F96C16 /* Base */ = {isa = PBXFileReference; lastKnownFileType = file.storyboard; name = Base; path = Base.lproj/LaunchScreen.storyboard; sourceTree = "<group>"; };
		ABE5D2A22A7D872B00F96C16 /* Info.plist */ = {isa = PBXFileReference; lastKnownFileType = text.plist.xml; path = Info.plist; sourceTree = "<group>"; };
		ABE5D2AE2A7D910D00F96C16 /* APIHandler.swift */ = {isa = PBXFileReference; lastKnownFileType = sourcecode.swift; path = APIHandler.swift; sourceTree = "<group>"; };
		ABE5D2B02A7D914F00F96C16 /* AgentsParser.swift */ = {isa = PBXFileReference; lastKnownFileType = sourcecode.swift; path = AgentsParser.swift; sourceTree = "<group>"; };
		ABE5D2B22A7D916900F96C16 /* BundlesParser.swift */ = {isa = PBXFileReference; lastKnownFileType = sourcecode.swift; path = BundlesParser.swift; sourceTree = "<group>"; };
		ABE5D2B52A7D918900F96C16 /* MapsParser.swift */ = {isa = PBXFileReference; lastKnownFileType = sourcecode.swift; path = MapsParser.swift; sourceTree = "<group>"; };
		ABE5D2B72A7D974800F96C16 /* WeaponsParser.swift */ = {isa = PBXFileReference; lastKnownFileType = sourcecode.swift; path = WeaponsParser.swift; sourceTree = "<group>"; };
		ABE5D2B92A7D976600F96C16 /* SeasonsParser.swift */ = {isa = PBXFileReference; lastKnownFileType = sourcecode.swift; path = SeasonsParser.swift; sourceTree = "<group>"; };
		ABE5D2C02A7D97D700F96C16 /* HomeViewController.swift */ = {isa = PBXFileReference; lastKnownFileType = sourcecode.swift; path = HomeViewController.swift; sourceTree = "<group>"; };
		ABE5D2CD2A7E4C3700F96C16 /* Constants.swift */ = {isa = PBXFileReference; lastKnownFileType = sourcecode.swift; path = Constants.swift; sourceTree = "<group>"; };
		ABE5D2CF2A7E4D1700F96C16 /* AgentsCollectionViewCell.swift */ = {isa = PBXFileReference; lastKnownFileType = sourcecode.swift; path = AgentsCollectionViewCell.swift; sourceTree = "<group>"; };
		ABE5D2D02A7E4D1700F96C16 /* AgentsCollectionViewCell.xib */ = {isa = PBXFileReference; lastKnownFileType = file.xib; path = AgentsCollectionViewCell.xib; sourceTree = "<group>"; };
		ABE5D2D72A7E7DCA00F96C16 /* MapsTableViewCell.swift */ = {isa = PBXFileReference; lastKnownFileType = sourcecode.swift; path = MapsTableViewCell.swift; sourceTree = "<group>"; };
		ABE5D2D82A7E7DCA00F96C16 /* MapsTableViewCell.xib */ = {isa = PBXFileReference; lastKnownFileType = file.xib; path = MapsTableViewCell.xib; sourceTree = "<group>"; };
		ABE5D2E42A7E9E1000F96C16 /* AgentDescriptionViewController.swift */ = {isa = PBXFileReference; lastKnownFileType = sourcecode.swift; path = AgentDescriptionViewController.swift; sourceTree = "<group>"; };
		ABE5D2E62A7E9EA900F96C16 /* Extenstions.swift */ = {isa = PBXFileReference; lastKnownFileType = sourcecode.swift; path = Extenstions.swift; sourceTree = "<group>"; };
/* End PBXFileReference section */

/* Begin PBXFrameworksBuildPhase section */
		ABE5D28E2A7D872A00F96C16 /* Frameworks */ = {
			isa = PBXFrameworksBuildPhase;
			buildActionMask = 2147483647;
			files = (
				ABE5D2D52A7E50D000F96C16 /* SDWebImageSwiftUI in Frameworks */,
				ABE5D2EA2A7ED0AB00F96C16 /* SwipeCellKit in Frameworks */,
				ABE5D2BD2A7D977700F96C16 /* OptionallyDecodable in Frameworks */,
			);
			runOnlyForDeploymentPostprocessing = 0;
		};
/* End PBXFrameworksBuildPhase section */

/* Begin PBXGroup section */
		ABE5D2882A7D872A00F96C16 = {
			isa = PBXGroup;
			children = (
				ABE5D2932A7D872A00F96C16 /* Valorant-Guide-UIKit */,
				ABE5D2922A7D872A00F96C16 /* Products */,
			);
			sourceTree = "<group>";
		};
		ABE5D2922A7D872A00F96C16 /* Products */ = {
			isa = PBXGroup;
			children = (
				ABE5D2912A7D872A00F96C16 /* Valorant-Guide-UIKit.app */,
			);
			name = Products;
			sourceTree = "<group>";
		};
		ABE5D2932A7D872A00F96C16 /* Valorant-Guide-UIKit */ = {
			isa = PBXGroup;
			children = (
				ABE5D2942A7D872A00F96C16 /* AppDelegate.swift */,
				ABE5D2962A7D872A00F96C16 /* SceneDelegate.swift */,
				ABE5D2A82A7D908500F96C16 /* Model */,
				ABE5D2A92A7D908900F96C16 /* Controller */,
				ABE5D2AA2A7D909100F96C16 /* View */,
				ABE5D29D2A7D872B00F96C16 /* Assets.xcassets */,
				ABE5D2A22A7D872B00F96C16 /* Info.plist */,
				ABE5D2CD2A7E4C3700F96C16 /* Constants.swift */,
				ABE5D2E62A7E9EA900F96C16 /* Extenstions.swift */,
			);
			path = "Valorant-Guide-UIKit";
			sourceTree = "<group>";
		};
		ABE5D2A82A7D908500F96C16 /* Model */ = {
			isa = PBXGroup;
			children = (
				ABE5D2AC2A7D90E900F96C16 /* APIHandler */,
				ABE5D2AD2A7D90F700F96C16 /* Parser */,
			);
			path = Model;
			sourceTree = "<group>";
		};
		ABE5D2A92A7D908900F96C16 /* Controller */ = {
			isa = PBXGroup;
			children = (
				ABE5D2C02A7D97D700F96C16 /* HomeViewController.swift */,
				ABE5D2C62A7E457700F96C16 /* Agents */,
				ABE5D2D62A7E7DA900F96C16 /* Maps */,
			);
			path = Controller;
			sourceTree = "<group>";
		};
		ABE5D2AA2A7D909100F96C16 /* View */ = {
			isa = PBXGroup;
			children = (
				ABE5D29A2A7D872A00F96C16 /* Main.storyboard */,
				ABE5D29F2A7D872B00F96C16 /* LaunchScreen.storyboard */,
			);
			path = View;
			sourceTree = "<group>";
		};
		ABE5D2AC2A7D90E900F96C16 /* APIHandler */ = {
			isa = PBXGroup;
			children = (
				ABE5D2AE2A7D910D00F96C16 /* APIHandler.swift */,
			);
			path = APIHandler;
			sourceTree = "<group>";
		};
		ABE5D2AD2A7D90F700F96C16 /* Parser */ = {
			isa = PBXGroup;
			children = (
				ABE5D2B02A7D914F00F96C16 /* AgentsParser.swift */,
				ABE5D2B22A7D916900F96C16 /* BundlesParser.swift */,
				ABE5D2B52A7D918900F96C16 /* MapsParser.swift */,
				ABE5D2B72A7D974800F96C16 /* WeaponsParser.swift */,
				ABE5D2B92A7D976600F96C16 /* SeasonsParser.swift */,
			);
			path = Parser;
			sourceTree = "<group>";
		};
		ABE5D2C62A7E457700F96C16 /* Agents */ = {
			isa = PBXGroup;
			children = (
				ABE5D2DF2A7E9CA200F96C16 /* AgentViewDescription */,
				ABE5D2CF2A7E4D1700F96C16 /* AgentsCollectionViewCell.swift */,
				ABE5D2D02A7E4D1700F96C16 /* AgentsCollectionViewCell.xib */,
			);
			path = Agents;
			sourceTree = "<group>";
		};
		ABE5D2D62A7E7DA900F96C16 /* Maps */ = {
			isa = PBXGroup;
			children = (
				ABE5D2D72A7E7DCA00F96C16 /* MapsTableViewCell.swift */,
				ABE5D2D82A7E7DCA00F96C16 /* MapsTableViewCell.xib */,
			);
			path = Maps;
			sourceTree = "<group>";
		};
		ABE5D2DF2A7E9CA200F96C16 /* AgentViewDescription */ = {
			isa = PBXGroup;
			children = (
				ABE5D2E42A7E9E1000F96C16 /* AgentDescriptionViewController.swift */,
			);
			path = AgentViewDescription;
			sourceTree = "<group>";
		};
/* End PBXGroup section */

/* Begin PBXNativeTarget section */
		ABE5D2902A7D872A00F96C16 /* Valorant-Guide-UIKit */ = {
			isa = PBXNativeTarget;
			buildConfigurationList = ABE5D2A52A7D872B00F96C16 /* Build configuration list for PBXNativeTarget "Valorant-Guide-UIKit" */;
			buildPhases = (
				ABE5D28D2A7D872A00F96C16 /* Sources */,
				ABE5D28E2A7D872A00F96C16 /* Frameworks */,
				ABE5D28F2A7D872A00F96C16 /* Resources */,
			);
			buildRules = (
			);
			dependencies = (
			);
			name = "Valorant-Guide-UIKit";
			packageProductDependencies = (
				ABE5D2BC2A7D977700F96C16 /* OptionallyDecodable */,
				ABE5D2D42A7E50D000F96C16 /* SDWebImageSwiftUI */,
				ABE5D2E92A7ED0AB00F96C16 /* SwipeCellKit */,
			);
			productName = "Valorant-Guide-UIKit";
			productReference = ABE5D2912A7D872A00F96C16 /* Valorant-Guide-UIKit.app */;
			productType = "com.apple.product-type.application";
		};
/* End PBXNativeTarget section */

/* Begin PBXProject section */
		ABE5D2892A7D872A00F96C16 /* Project object */ = {
			isa = PBXProject;
			attributes = {
				BuildIndependentTargetsInParallel = 1;
				LastSwiftUpdateCheck = 1430;
				LastUpgradeCheck = 1430;
				TargetAttributes = {
					ABE5D2902A7D872A00F96C16 = {
						CreatedOnToolsVersion = 14.3.1;
					};
				};
			};
			buildConfigurationList = ABE5D28C2A7D872A00F96C16 /* Build configuration list for PBXProject "Valorant-Guide-UIKit" */;
			compatibilityVersion = "Xcode 14.0";
			developmentRegion = en;
			hasScannedForEncodings = 0;
			knownRegions = (
				en,
				Base,
			);
			mainGroup = ABE5D2882A7D872A00F96C16;
			packageReferences = (
				ABE5D2BB2A7D977700F96C16 /* XCRemoteSwiftPackageReference "OptionallyDecodable" */,
				ABE5D2D32A7E50D000F96C16 /* XCRemoteSwiftPackageReference "SDWebImageSwiftUI" */,
				ABE5D2E82A7ED0AB00F96C16 /* XCRemoteSwiftPackageReference "SwipeCellKit" */,
			);
			productRefGroup = ABE5D2922A7D872A00F96C16 /* Products */;
			projectDirPath = "";
			projectRoot = "";
			targets = (
				ABE5D2902A7D872A00F96C16 /* Valorant-Guide-UIKit */,
			);
		};
/* End PBXProject section */

/* Begin PBXResourcesBuildPhase section */
		ABE5D28F2A7D872A00F96C16 /* Resources */ = {
			isa = PBXResourcesBuildPhase;
			buildActionMask = 2147483647;
			files = (
				ABE5D2A12A7D872B00F96C16 /* LaunchScreen.storyboard in Resources */,
				ABE5D2DA2A7E7DCA00F96C16 /* MapsTableViewCell.xib in Resources */,
				ABE5D29E2A7D872B00F96C16 /* Assets.xcassets in Resources */,
				ABE5D2D22A7E4D1700F96C16 /* AgentsCollectionViewCell.xib in Resources */,
				ABE5D29C2A7D872A00F96C16 /* Main.storyboard in Resources */,
			);
			runOnlyForDeploymentPostprocessing = 0;
		};
/* End PBXResourcesBuildPhase section */

/* Begin PBXSourcesBuildPhase section */
		ABE5D28D2A7D872A00F96C16 /* Sources */ = {
			isa = PBXSourcesBuildPhase;
			buildActionMask = 2147483647;
			files = (
				ABE5D2CE2A7E4C3700F96C16 /* Constants.swift in Sources */,
				ABE5D2B82A7D974900F96C16 /* WeaponsParser.swift in Sources */,
				ABE5D2E72A7E9EA900F96C16 /* Extenstions.swift in Sources */,
				ABE5D2B32A7D916900F96C16 /* BundlesParser.swift in Sources */,
				ABE5D2952A7D872A00F96C16 /* AppDelegate.swift in Sources */,
				ABE5D2B12A7D914F00F96C16 /* AgentsParser.swift in Sources */,
				ABE5D2D12A7E4D1700F96C16 /* AgentsCollectionViewCell.swift in Sources */,
				ABE5D2D92A7E7DCA00F96C16 /* MapsTableViewCell.swift in Sources */,
				ABE5D2BA2A7D976600F96C16 /* SeasonsParser.swift in Sources */,
				ABE5D2C12A7D97D700F96C16 /* HomeViewController.swift in Sources */,
				ABE5D2972A7D872A00F96C16 /* SceneDelegate.swift in Sources */,
				ABE5D2E52A7E9E1000F96C16 /* AgentDescriptionViewController.swift in Sources */,
				ABE5D2B62A7D918900F96C16 /* MapsParser.swift in Sources */,
				ABE5D2AF2A7D910D00F96C16 /* APIHandler.swift in Sources */,
			);
			runOnlyForDeploymentPostprocessing = 0;
		};
/* End PBXSourcesBuildPhase section */

/* Begin PBXVariantGroup section */
		ABE5D29A2A7D872A00F96C16 /* Main.storyboard */ = {
			isa = PBXVariantGroup;
			children = (
				ABE5D29B2A7D872A00F96C16 /* Base */,
			);
			name = Main.storyboard;
			sourceTree = "<group>";
		};
		ABE5D29F2A7D872B00F96C16 /* LaunchScreen.storyboard */ = {
			isa = PBXVariantGroup;
			children = (
				ABE5D2A02A7D872B00F96C16 /* Base */,
			);
			name = LaunchScreen.storyboard;
			sourceTree = "<group>";
		};
/* End PBXVariantGroup section */

/* Begin XCBuildConfiguration section */
		ABE5D2A32A7D872B00F96C16 /* Debug */ = {
			isa = XCBuildConfiguration;
			buildSettings = {
				ALWAYS_SEARCH_USER_PATHS = NO;
				CLANG_ANALYZER_NONNULL = YES;
				CLANG_ANALYZER_NUMBER_OBJECT_CONVERSION = YES_AGGRESSIVE;
				CLANG_CXX_LANGUAGE_STANDARD = "gnu++20";
				CLANG_ENABLE_MODULES = YES;
				CLANG_ENABLE_OBJC_ARC = YES;
				CLANG_ENABLE_OBJC_WEAK = YES;
				CLANG_WARN_BLOCK_CAPTURE_AUTORELEASING = YES;
				CLANG_WARN_BOOL_CONVERSION = YES;
				CLANG_WARN_COMMA = YES;
				CLANG_WARN_CONSTANT_CONVERSION = YES;
				CLANG_WARN_DEPRECATED_OBJC_IMPLEMENTATIONS = YES;
				CLANG_WARN_DIRECT_OBJC_ISA_USAGE = YES_ERROR;
				CLANG_WARN_DOCUMENTATION_COMMENTS = YES;
				CLANG_WARN_EMPTY_BODY = YES;
				CLANG_WARN_ENUM_CONVERSION = YES;
				CLANG_WARN_INFINITE_RECURSION = YES;
				CLANG_WARN_INT_CONVERSION = YES;
				CLANG_WARN_NON_LITERAL_NULL_CONVERSION = YES;
				CLANG_WARN_OBJC_IMPLICIT_RETAIN_SELF = YES;
				CLANG_WARN_OBJC_LITERAL_CONVERSION = YES;
				CLANG_WARN_OBJC_ROOT_CLASS = YES_ERROR;
				CLANG_WARN_QUOTED_INCLUDE_IN_FRAMEWORK_HEADER = YES;
				CLANG_WARN_RANGE_LOOP_ANALYSIS = YES;
				CLANG_WARN_STRICT_PROTOTYPES = YES;
				CLANG_WARN_SUSPICIOUS_MOVE = YES;
				CLANG_WARN_UNGUARDED_AVAILABILITY = YES_AGGRESSIVE;
				CLANG_WARN_UNREACHABLE_CODE = YES;
				CLANG_WARN__DUPLICATE_METHOD_MATCH = YES;
				COPY_PHASE_STRIP = NO;
				DEBUG_INFORMATION_FORMAT = dwarf;
				ENABLE_STRICT_OBJC_MSGSEND = YES;
				ENABLE_TESTABILITY = YES;
				GCC_C_LANGUAGE_STANDARD = gnu11;
				GCC_DYNAMIC_NO_PIC = NO;
				GCC_NO_COMMON_BLOCKS = YES;
				GCC_OPTIMIZATION_LEVEL = 0;
				GCC_PREPROCESSOR_DEFINITIONS = (
					"DEBUG=1",
					"$(inherited)",
				);
				GCC_WARN_64_TO_32_BIT_CONVERSION = YES;
				GCC_WARN_ABOUT_RETURN_TYPE = YES_ERROR;
				GCC_WARN_UNDECLARED_SELECTOR = YES;
				GCC_WARN_UNINITIALIZED_AUTOS = YES_AGGRESSIVE;
				GCC_WARN_UNUSED_FUNCTION = YES;
				GCC_WARN_UNUSED_VARIABLE = YES;
				IPHONEOS_DEPLOYMENT_TARGET = 16.4;
				MTL_ENABLE_DEBUG_INFO = INCLUDE_SOURCE;
				MTL_FAST_MATH = YES;
				ONLY_ACTIVE_ARCH = YES;
				SDKROOT = iphoneos;
				SWIFT_ACTIVE_COMPILATION_CONDITIONS = DEBUG;
				SWIFT_OPTIMIZATION_LEVEL = "-Onone";
			};
			name = Debug;
		};
		ABE5D2A42A7D872B00F96C16 /* Release */ = {
			isa = XCBuildConfiguration;
			buildSettings = {
				ALWAYS_SEARCH_USER_PATHS = NO;
				CLANG_ANALYZER_NONNULL = YES;
				CLANG_ANALYZER_NUMBER_OBJECT_CONVERSION = YES_AGGRESSIVE;
				CLANG_CXX_LANGUAGE_STANDARD = "gnu++20";
				CLANG_ENABLE_MODULES = YES;
				CLANG_ENABLE_OBJC_ARC = YES;
				CLANG_ENABLE_OBJC_WEAK = YES;
				CLANG_WARN_BLOCK_CAPTURE_AUTORELEASING = YES;
				CLANG_WARN_BOOL_CONVERSION = YES;
				CLANG_WARN_COMMA = YES;
				CLANG_WARN_CONSTANT_CONVERSION = YES;
				CLANG_WARN_DEPRECATED_OBJC_IMPLEMENTATIONS = YES;
				CLANG_WARN_DIRECT_OBJC_ISA_USAGE = YES_ERROR;
				CLANG_WARN_DOCUMENTATION_COMMENTS = YES;
				CLANG_WARN_EMPTY_BODY = YES;
				CLANG_WARN_ENUM_CONVERSION = YES;
				CLANG_WARN_INFINITE_RECURSION = YES;
				CLANG_WARN_INT_CONVERSION = YES;
				CLANG_WARN_NON_LITERAL_NULL_CONVERSION = YES;
				CLANG_WARN_OBJC_IMPLICIT_RETAIN_SELF = YES;
				CLANG_WARN_OBJC_LITERAL_CONVERSION = YES;
				CLANG_WARN_OBJC_ROOT_CLASS = YES_ERROR;
				CLANG_WARN_QUOTED_INCLUDE_IN_FRAMEWORK_HEADER = YES;
				CLANG_WARN_RANGE_LOOP_ANALYSIS = YES;
				CLANG_WARN_STRICT_PROTOTYPES = YES;
				CLANG_WARN_SUSPICIOUS_MOVE = YES;
				CLANG_WARN_UNGUARDED_AVAILABILITY = YES_AGGRESSIVE;
				CLANG_WARN_UNREACHABLE_CODE = YES;
				CLANG_WARN__DUPLICATE_METHOD_MATCH = YES;
				COPY_PHASE_STRIP = NO;
				DEBUG_INFORMATION_FORMAT = "dwarf-with-dsym";
				ENABLE_NS_ASSERTIONS = NO;
				ENABLE_STRICT_OBJC_MSGSEND = YES;
				GCC_C_LANGUAGE_STANDARD = gnu11;
				GCC_NO_COMMON_BLOCKS = YES;
				GCC_WARN_64_TO_32_BIT_CONVERSION = YES;
				GCC_WARN_ABOUT_RETURN_TYPE = YES_ERROR;
				GCC_WARN_UNDECLARED_SELECTOR = YES;
				GCC_WARN_UNINITIALIZED_AUTOS = YES_AGGRESSIVE;
				GCC_WARN_UNUSED_FUNCTION = YES;
				GCC_WARN_UNUSED_VARIABLE = YES;
				IPHONEOS_DEPLOYMENT_TARGET = 16.4;
				MTL_ENABLE_DEBUG_INFO = NO;
				MTL_FAST_MATH = YES;
				SDKROOT = iphoneos;
				SWIFT_COMPILATION_MODE = wholemodule;
				SWIFT_OPTIMIZATION_LEVEL = "-O";
				VALIDATE_PRODUCT = YES;
			};
			name = Release;
		};
		ABE5D2A62A7D872B00F96C16 /* Debug */ = {
			isa = XCBuildConfiguration;
			buildSettings = {
				ASSETCATALOG_COMPILER_APPICON_NAME = AppIcon;
				ASSETCATALOG_COMPILER_GLOBAL_ACCENT_COLOR_NAME = AccentColor;
				CODE_SIGN_STYLE = Automatic;
				CURRENT_PROJECT_VERSION = 1;
				DEVELOPMENT_TEAM = 3Q8FDFK3WX;
				GENERATE_INFOPLIST_FILE = YES;
				INFOPLIST_FILE = "Valorant-Guide-UIKit/Info.plist";
				INFOPLIST_KEY_UIApplicationSupportsIndirectInputEvents = YES;
				INFOPLIST_KEY_UILaunchStoryboardName = LaunchScreen;
				INFOPLIST_KEY_UIMainStoryboardFile = Main;
				INFOPLIST_KEY_UISupportedInterfaceOrientations_iPad = "UIInterfaceOrientationPortrait UIInterfaceOrientationPortraitUpsideDown UIInterfaceOrientationLandscapeLeft UIInterfaceOrientationLandscapeRight";
				INFOPLIST_KEY_UISupportedInterfaceOrientations_iPhone = "UIInterfaceOrientationPortrait UIInterfaceOrientationLandscapeLeft UIInterfaceOrientationLandscapeRight";
				LD_RUNPATH_SEARCH_PATHS = (
					"$(inherited)",
					"@executable_path/Frameworks",
				);
				MARKETING_VERSION = 1.0;
				PRODUCT_BUNDLE_IDENTIFIER = "com.salah.12488.Valorant-Guide-UIKit";
				PRODUCT_NAME = "$(TARGET_NAME)";
				SWIFT_EMIT_LOC_STRINGS = YES;
				SWIFT_VERSION = 5.0;
				TARGETED_DEVICE_FAMILY = "1,2";
			};
			name = Debug;
		};
		ABE5D2A72A7D872B00F96C16 /* Release */ = {
			isa = XCBuildConfiguration;
			buildSettings = {
				ASSETCATALOG_COMPILER_APPICON_NAME = AppIcon;
				ASSETCATALOG_COMPILER_GLOBAL_ACCENT_COLOR_NAME = AccentColor;
				CODE_SIGN_STYLE = Automatic;
				CURRENT_PROJECT_VERSION = 1;
				DEVELOPMENT_TEAM = 3Q8FDFK3WX;
				GENERATE_INFOPLIST_FILE = YES;
				INFOPLIST_FILE = "Valorant-Guide-UIKit/Info.plist";
				INFOPLIST_KEY_UIApplicationSupportsIndirectInputEvents = YES;
				INFOPLIST_KEY_UILaunchStoryboardName = LaunchScreen;
				INFOPLIST_KEY_UIMainStoryboardFile = Main;
				INFOPLIST_KEY_UISupportedInterfaceOrientations_iPad = "UIInterfaceOrientationPortrait UIInterfaceOrientationPortraitUpsideDown UIInterfaceOrientationLandscapeLeft UIInterfaceOrientationLandscapeRight";
				INFOPLIST_KEY_UISupportedInterfaceOrientations_iPhone = "UIInterfaceOrientationPortrait UIInterfaceOrientationLandscapeLeft UIInterfaceOrientationLandscapeRight";
				LD_RUNPATH_SEARCH_PATHS = (
					"$(inherited)",
					"@executable_path/Frameworks",
				);
				MARKETING_VERSION = 1.0;
				PRODUCT_BUNDLE_IDENTIFIER = "com.salah.12488.Valorant-Guide-UIKit";
				PRODUCT_NAME = "$(TARGET_NAME)";
				SWIFT_EMIT_LOC_STRINGS = YES;
				SWIFT_VERSION = 5.0;
				TARGETED_DEVICE_FAMILY = "1,2";
			};
			name = Release;
		};
/* End XCBuildConfiguration section */

/* Begin XCConfigurationList section */
		ABE5D28C2A7D872A00F96C16 /* Build configuration list for PBXProject "Valorant-Guide-UIKit" */ = {
			isa = XCConfigurationList;
			buildConfigurations = (
				ABE5D2A32A7D872B00F96C16 /* Debug */,
				ABE5D2A42A7D872B00F96C16 /* Release */,
			);
			defaultConfigurationIsVisible = 0;
			defaultConfigurationName = Release;
		};
		ABE5D2A52A7D872B00F96C16 /* Build configuration list for PBXNativeTarget "Valorant-Guide-UIKit" */ = {
			isa = XCConfigurationList;
			buildConfigurations = (
				ABE5D2A62A7D872B00F96C16 /* Debug */,
				ABE5D2A72A7D872B00F96C16 /* Release */,
			);
			defaultConfigurationIsVisible = 0;
			defaultConfigurationName = Release;
		};
/* End XCConfigurationList section */

/* Begin XCRemoteSwiftPackageReference section */
		ABE5D2BB2A7D977700F96C16 /* XCRemoteSwiftPackageReference "OptionallyDecodable" */ = {
			isa = XCRemoteSwiftPackageReference;
			repositoryURL = "https://github.com/idrougge/OptionallyDecodable";
			requirement = {
				kind = upToNextMajorVersion;
				minimumVersion = 1.0.0;
			};
		};
		ABE5D2D32A7E50D000F96C16 /* XCRemoteSwiftPackageReference "SDWebImageSwiftUI" */ = {
			isa = XCRemoteSwiftPackageReference;
			repositoryURL = "https://github.com/SDWebImage/SDWebImageSwiftUI";
			requirement = {
				kind = upToNextMajorVersion;
				minimumVersion = 2.0.0;
			};
		};
		ABE5D2E82A7ED0AB00F96C16 /* XCRemoteSwiftPackageReference "SwipeCellKit" */ = {
			isa = XCRemoteSwiftPackageReference;
			repositoryURL = "https://github.com/SwipeCellKit/SwipeCellKit";
			requirement = {
				kind = upToNextMajorVersion;
				minimumVersion = 2.0.0;
			};
		};
/* End XCRemoteSwiftPackageReference section */

/* Begin XCSwiftPackageProductDependency section */
		ABE5D2BC2A7D977700F96C16 /* OptionallyDecodable */ = {
			isa = XCSwiftPackageProductDependency;
			package = ABE5D2BB2A7D977700F96C16 /* XCRemoteSwiftPackageReference "OptionallyDecodable" */;
			productName = OptionallyDecodable;
		};
		ABE5D2D42A7E50D000F96C16 /* SDWebImageSwiftUI */ = {
			isa = XCSwiftPackageProductDependency;
			package = ABE5D2D32A7E50D000F96C16 /* XCRemoteSwiftPackageReference "SDWebImageSwiftUI" */;
			productName = SDWebImageSwiftUI;
		};
		ABE5D2E92A7ED0AB00F96C16 /* SwipeCellKit */ = {
			isa = XCSwiftPackageProductDependency;
			package = ABE5D2E82A7ED0AB00F96C16 /* XCRemoteSwiftPackageReference "SwipeCellKit" */;
			productName = SwipeCellKit;
		};
/* End XCSwiftPackageProductDependency section */
	};
	rootObject = ABE5D2892A7D872A00F96C16 /* Project object */;
}
